
Microsoft Visual Studio Solution File, Format Version 12.00
# Visual Studio 14
VisualStudioVersion = 14.0.23107.0
MinimumVisualStudioVersion = 10.0.40219.1
Project("{FAE04EC0-301F-11D3-BF4B-00C04F79EFBC}") = "PeopleGenerator", "PeopleGenerator\PeopleGenerator\PeopleGenerator.csproj", "{44A7EF1C-5EDD-464D-813F-5618607323EE}"
EndProject
Project("{FAE04EC0-301F-11D3-BF4B-00C04F79EFBC}") = "PeopleGenerator.iOS", "PeopleGenerator\PeopleGenerator.iOS\PeopleGenerator.iOS.csproj", "{3417AF5A-33E1-45C1-BABC-050C14EFE228}"
EndProject
Project("{FAE04EC0-301F-11D3-BF4B-00C04F79EFBC}") = "PeopleGenerator.Droid", "PeopleGenerator\PeopleGenerator.Droid\PeopleGenerator.Droid.csproj", "{9FA38CF6-A085-447E-BD78-1A2493D0ECD5}"
EndProject
Project("{FAE04EC0-301F-11D3-BF4B-00C04F79EFBC}") = "PeopleGenerator.WinPhone", "PeopleGenerator\PeopleGenerator.WinPhone\PeopleGenerator.WinPhone.csproj", "{59C256DA-5371-42F8-94EF-902A93C3ECC7}"
EndProject
Global
	GlobalSection(SolutionConfigurationPlatforms) = preSolution
		Ad-Hoc|Any CPU = Ad-Hoc|Any CPU
		Ad-Hoc|ARM = Ad-Hoc|ARM
		Ad-Hoc|iPhone = Ad-Hoc|iPhone
		Ad-Hoc|iPhoneSimulator = Ad-Hoc|iPhoneSimulator
		Ad-Hoc|x86 = Ad-Hoc|x86
		AppStore|Any CPU = AppStore|Any CPU
		AppStore|ARM = AppStore|ARM
		AppStore|iPhone = AppStore|iPhone
		AppStore|iPhoneSimulator = AppStore|iPhoneSimulator
		AppStore|x86 = AppStore|x86
		Debug|Any CPU = Debug|Any CPU
		Debug|ARM = Debug|ARM
		Debug|iPhone = Debug|iPhone
		Debug|iPhoneSimulator = Debug|iPhoneSimulator
		Debug|x86 = Debug|x86
		Release|Any CPU = Release|Any CPU
		Release|ARM = Release|ARM
		Release|iPhone = Release|iPhone
		Release|iPhoneSimulator = Release|iPhoneSimulator
		Release|x86 = Release|x86
	EndGlobalSection
	GlobalSection(ProjectConfigurationPlatforms) = postSolution
		{44A7EF1C-5EDD-464D-813F-5618607323EE}.Ad-Hoc|Any CPU.ActiveCfg = Release|Any CPU
		{44A7EF1C-5EDD-464D-813F-5618607323EE}.Ad-Hoc|Any CPU.Build.0 = Release|Any CPU
		{44A7EF1C-5EDD-464D-813F-5618607323EE}.Ad-Hoc|ARM.ActiveCfg = Release|Any CPU
		{44A7EF1C-5EDD-464D-813F-5618607323EE}.Ad-Hoc|ARM.Build.0 = Release|Any CPU
		{44A7EF1C-5EDD-464D-813F-5618607323EE}.Ad-Hoc|iPhone.ActiveCfg = Release|Any CPU
		{44A7EF1C-5EDD-464D-813F-5618607323EE}.Ad-Hoc|iPhone.Build.0 = Release|Any CPU
		{44A7EF1C-5EDD-464D-813F-5618607323EE}.Ad-Hoc|iPhoneSimulator.ActiveCfg = Release|Any CPU
		{44A7EF1C-5EDD-464D-813F-5618607323EE}.Ad-Hoc|iPhoneSimulator.Build.0 = Release|Any CPU
		{44A7EF1C-5EDD-464D-813F-5618607323EE}.Ad-Hoc|x86.ActiveCfg = Release|Any CPU
		{44A7EF1C-5EDD-464D-813F-5618607323EE}.Ad-Hoc|x86.Build.0 = Release|Any CPU
		{44A7EF1C-5EDD-464D-813F-5618607323EE}.AppStore|Any CPU.ActiveCfg = Release|Any CPU
		{44A7EF1C-5EDD-464D-813F-5618607323EE}.AppStore|Any CPU.Build.0 = Release|Any CPU
		{44A7EF1C-5EDD-464D-813F-5618607323EE}.AppStore|ARM.ActiveCfg = Release|Any CPU
		{44A7EF1C-5EDD-464D-813F-5618607323EE}.AppStore|ARM.Build.0 = Release|Any CPU
		{44A7EF1C-5EDD-464D-813F-5618607323EE}.AppStore|iPhone.ActiveCfg = Release|Any CPU
		{44A7EF1C-5EDD-464D-813F-5618607323EE}.AppStore|iPhone.Build.0 = Release|Any CPU
		{44A7EF1C-5EDD-464D-813F-5618607323EE}.AppStore|iPhoneSimulator.ActiveCfg = Release|Any CPU
		{44A7EF1C-5EDD-464D-813F-5618607323EE}.AppStore|iPhoneSimulator.Build.0 = Release|Any CPU
		{44A7EF1C-5EDD-464D-813F-5618607323EE}.AppStore|x86.ActiveCfg = Release|Any CPU
		{44A7EF1C-5EDD-464D-813F-5618607323EE}.AppStore|x86.Build.0 = Release|Any CPU
		{44A7EF1C-5EDD-464D-813F-5618607323EE}.Debug|Any CPU.ActiveCfg = Debug|Any CPU
		{44A7EF1C-5EDD-464D-813F-5618607323EE}.Debug|Any CPU.Build.0 = Debug|Any CPU
		{44A7EF1C-5EDD-464D-813F-5618607323EE}.Debug|ARM.ActiveCfg = Debug|Any CPU
		{44A7EF1C-5EDD-464D-813F-5618607323EE}.Debug|ARM.Build.0 = Debug|Any CPU
		{44A7EF1C-5EDD-464D-813F-5618607323EE}.Debug|iPhone.ActiveCfg = Debug|Any CPU
		{44A7EF1C-5EDD-464D-813F-5618607323EE}.Debug|iPhone.Build.0 = Debug|Any CPU
		{44A7EF1C-5EDD-464D-813F-5618607323EE}.Debug|iPhoneSimulator.ActiveCfg = Debug|Any CPU
		{44A7EF1C-5EDD-464D-813F-5618607323EE}.Debug|iPhoneSimulator.Build.0 = Debug|Any CPU
		{44A7EF1C-5EDD-464D-813F-5618607323EE}.Debug|x86.ActiveCfg = Debug|Any CPU
		{44A7EF1C-5EDD-464D-813F-5618607323EE}.Debug|x86.Build.0 = Debug|Any CPU
		{44A7EF1C-5EDD-464D-813F-5618607323EE}.Release|Any CPU.ActiveCfg = Release|Any CPU
		{44A7EF1C-5EDD-464D-813F-5618607323EE}.Release|Any CPU.Build.0 = Release|Any CPU
		{44A7EF1C-5EDD-464D-813F-5618607323EE}.Release|ARM.ActiveCfg = Release|Any CPU
		{44A7EF1C-5EDD-464D-813F-5618607323EE}.Release|ARM.Build.0 = Release|Any CPU
		{44A7EF1C-5EDD-464D-813F-5618607323EE}.Release|iPhone.ActiveCfg = Release|Any CPU
		{44A7EF1C-5EDD-464D-813F-5618607323EE}.Release|iPhone.Build.0 = Release|Any CPU
		{44A7EF1C-5EDD-464D-813F-5618607323EE}.Release|iPhoneSimulator.ActiveCfg = Release|Any CPU
		{44A7EF1C-5EDD-464D-813F-5618607323EE}.Release|iPhoneSimulator.Build.0 = Release|Any CPU
		{44A7EF1C-5EDD-464D-813F-5618607323EE}.Release|x86.ActiveCfg = Release|Any CPU
		{44A7EF1C-5EDD-464D-813F-5618607323EE}.Release|x86.Build.0 = Release|Any CPU
		{3417AF5A-33E1-45C1-BABC-050C14EFE228}.Ad-Hoc|Any CPU.ActiveCfg = Ad-Hoc|iPhone
		{3417AF5A-33E1-45C1-BABC-050C14EFE228}.Ad-Hoc|ARM.ActiveCfg = Ad-Hoc|iPhone
		{3417AF5A-33E1-45C1-BABC-050C14EFE228}.Ad-Hoc|iPhone.ActiveCfg = Ad-Hoc|iPhone
		{3417AF5A-33E1-45C1-BABC-050C14EFE228}.Ad-Hoc|iPhone.Build.0 = Ad-Hoc|iPhone
		{3417AF5A-33E1-45C1-BABC-050C14EFE228}.Ad-Hoc|iPhoneSimulator.ActiveCfg = Ad-Hoc|iPhoneSimulator
		{3417AF5A-33E1-45C1-BABC-050C14EFE228}.Ad-Hoc|iPhoneSimulator.Build.0 = Ad-Hoc|iPhoneSimulator
		{3417AF5A-33E1-45C1-BABC-050C14EFE228}.Ad-Hoc|x86.ActiveCfg = Ad-Hoc|iPhone
		{3417AF5A-33E1-45C1-BABC-050C14EFE228}.AppStore|Any CPU.ActiveCfg = AppStore|iPhone
		{3417AF5A-33E1-45C1-BABC-050C14EFE228}.AppStore|ARM.ActiveCfg = AppStore|iPhone
		{3417AF5A-33E1-45C1-BABC-050C14EFE228}.AppStore|iPhone.ActiveCfg = AppStore|iPhone
		{3417AF5A-33E1-45C1-BABC-050C14EFE228}.AppStore|iPhone.Build.0 = AppStore|iPhone
		{3417AF5A-33E1-45C1-BABC-050C14EFE228}.AppStore|iPhoneSimulator.ActiveCfg = AppStore|iPhoneSimulator
		{3417AF5A-33E1-45C1-BABC-050C14EFE228}.AppStore|iPhoneSimulator.Build.0 = AppStore|iPhoneSimulator
		{3417AF5A-33E1-45C1-BABC-050C14EFE228}.AppStore|x86.ActiveCfg = AppStore|iPhone
		{3417AF5A-33E1-45C1-BABC-050C14EFE228}.Debug|Any CPU.ActiveCfg = Debug|iPhone
		{3417AF5A-33E1-45C1-BABC-050C14EFE228}.Debug|ARM.ActiveCfg = Debug|iPhone
		{3417AF5A-33E1-45C1-BABC-050C14EFE228}.Debug|iPhone.ActiveCfg = Debug|iPhone
		{3417AF5A-33E1-45C1-BABC-050C14EFE228}.Debug|iPhone.Build.0 = Debug|iPhone
		{3417AF5A-33E1-45C1-BABC-050C14EFE228}.Debug|iPhoneSimulator.ActiveCfg = Debug|iPhoneSimulator
		{3417AF5A-33E1-45C1-BABC-050C14EFE228}.Debug|iPhoneSimulator.Build.0 = Debug|iPhoneSimulator
		{3417AF5A-33E1-45C1-BABC-050C14EFE228}.Debug|x86.ActiveCfg = Debug|iPhone
		{3417AF5A-33E1-45C1-BABC-050C14EFE228}.Release|Any CPU.ActiveCfg = Release|iPhone
		{3417AF5A-33E1-45C1-BABC-050C14EFE228}.Release|ARM.ActiveCfg = Release|iPhone
		{3417AF5A-33E1-45C1-BABC-050C14EFE228}.Release|iPhone.ActiveCfg = Release|iPhone
		{3417AF5A-33E1-45C1-BABC-050C14EFE228}.Release|iPhone.Build.0 = Release|iPhone
		{3417AF5A-33E1-45C1-BABC-050C14EFE228}.Release|iPhoneSimulator.ActiveCfg = Release|iPhoneSimulator
		{3417AF5A-33E1-45C1-BABC-050C14EFE228}.Release|iPhoneSimulator.Build.0 = Release|iPhoneSimulator
		{3417AF5A-33E1-45C1-BABC-050C14EFE228}.Release|x86.ActiveCfg = Release|iPhone
		{9FA38CF6-A085-447E-BD78-1A2493D0ECD5}.Ad-Hoc|Any CPU.ActiveCfg = Release|Any CPU
		{9FA38CF6-A085-447E-BD78-1A2493D0ECD5}.Ad-Hoc|Any CPU.Build.0 = Release|Any CPU
		{9FA38CF6-A085-447E-BD78-1A2493D0ECD5}.Ad-Hoc|Any CPU.Deploy.0 = Release|Any CPU
		{9FA38CF6-A085-447E-BD78-1A2493D0ECD5}.Ad-Hoc|ARM.ActiveCfg = Release|Any CPU
		{9FA38CF6-A085-447E-BD78-1A2493D0ECD5}.Ad-Hoc|ARM.Build.0 = Release|Any CPU
		{9FA38CF6-A085-447E-BD78-1A2493D0ECD5}.Ad-Hoc|ARM.Deploy.0 = Release|Any CPU
		{9FA38CF6-A085-447E-BD78-1A2493D0ECD5}.Ad-Hoc|iPhone.ActiveCfg = Release|Any CPU
		{9FA38CF6-A085-447E-BD78-1A2493D0ECD5}.Ad-Hoc|iPhone.Build.0 = Release|Any CPU
		{9FA38CF6-A085-447E-BD78-1A2493D0ECD5}.Ad-Hoc|iPhone.Deploy.0 = Release|Any CPU
		{9FA38CF6-A085-447E-BD78-1A2493D0ECD5}.Ad-Hoc|iPhoneSimulator.ActiveCfg = Release|Any CPU
		{9FA38CF6-A085-447E-BD78-1A2493D0ECD5}.Ad-Hoc|iPhoneSimulator.Build.0 = Release|Any CPU
		{9FA38CF6-A085-447E-BD78-1A2493D0ECD5}.Ad-Hoc|iPhoneSimulator.Deploy.0 = Release|Any CPU
		{9FA38CF6-A085-447E-BD78-1A2493D0ECD5}.Ad-Hoc|x86.ActiveCfg = Release|Any CPU
		{9FA38CF6-A085-447E-BD78-1A2493D0ECD5}.Ad-Hoc|x86.Build.0 = Release|Any CPU
		{9FA38CF6-A085-447E-BD78-1A2493D0ECD5}.Ad-Hoc|x86.Deploy.0 = Release|Any CPU
		{9FA38CF6-A085-447E-BD78-1A2493D0ECD5}.AppStore|Any CPU.ActiveCfg = Release|Any CPU
		{9FA38CF6-A085-447E-BD78-1A2493D0ECD5}.AppStore|Any CPU.Build.0 = Release|Any CPU
		{9FA38CF6-A085-447E-BD78-1A2493D0ECD5}.AppStore|Any CPU.Deploy.0 = Release|Any CPU
		{9FA38CF6-A085-447E-BD78-1A2493D0ECD5}.AppStore|ARM.ActiveCfg = Release|Any CPU
		{9FA38CF6-A085-447E-BD78-1A2493D0ECD5}.AppStore|ARM.Build.0 = Release|Any CPU
		{9FA38CF6-A085-447E-BD78-1A2493D0ECD5}.AppStore|ARM.Deploy.0 = Release|Any CPU
		{9FA38CF6-A085-447E-BD78-1A2493D0ECD5}.AppStore|iPhone.ActiveCfg = Release|Any CPU
		{9FA38CF6-A085-447E-BD78-1A2493D0ECD5}.AppStore|iPhone.Build.0 = Release|Any CPU
		{9FA38CF6-A085-447E-BD78-1A2493D0ECD5}.AppStore|iPhone.Deploy.0 = Release|Any CPU
		{9FA38CF6-A085-447E-BD78-1A2493D0ECD5}.AppStore|iPhoneSimulator.ActiveCfg = Release|Any CPU
		{9FA38CF6-A085-447E-BD78-1A2493D0ECD5}.AppStore|iPhoneSimulator.Build.0 = Release|Any CPU
		{9FA38CF6-A085-447E-BD78-1A2493D0ECD5}.AppStore|iPhoneSimulator.Deploy.0 = Release|Any CPU
		{9FA38CF6-A085-447E-BD78-1A2493D0ECD5}.AppStore|x86.ActiveCfg = Release|Any CPU
		{9FA38CF6-A085-447E-BD78-1A2493D0ECD5}.AppStore|x86.Build.0 = Release|Any CPU
		{9FA38CF6-A085-447E-BD78-1A2493D0ECD5}.AppStore|x86.Deploy.0 = Release|Any CPU
		{9FA38CF6-A085-447E-BD78-1A2493D0ECD5}.Debug|Any CPU.ActiveCfg = Debug|Any CPU
		{9FA38CF6-A085-447E-BD78-1A2493D0ECD5}.Debug|Any CPU.Build.0 = Debug|Any CPU
		{9FA38CF6-A085-447E-BD78-1A2493D0ECD5}.Debug|Any CPU.Deploy.0 = Debug|Any CPU
		{9FA38CF6-A085-447E-BD78-1A2493D0ECD5}.Debug|ARM.ActiveCfg = Debug|Any CPU
		{9FA38CF6-A085-447E-BD78-1A2493D0ECD5}.Debug|ARM.Build.0 = Debug|Any CPU
		{9FA38CF6-A085-447E-BD78-1A2493D0ECD5}.Debug|ARM.Deploy.0 = Debug|Any CPU
		{9FA38CF6-A085-447E-BD78-1A2493D0ECD5}.Debug|iPhone.ActiveCfg = Debug|Any CPU
		{9FA38CF6-A085-447E-BD78-1A2493D0ECD5}.Debug|iPhone.Build.0 = Debug|Any CPU
		{9FA38CF6-A085-447E-BD78-1A2493D0ECD5}.Debug|iPhone.Deploy.0 = Debug|Any CPU
		{9FA38CF6-A085-447E-BD78-1A2493D0ECD5}.Debug|iPhoneSimulator.ActiveCfg = Debug|Any CPU
		{9FA38CF6-A085-447E-BD78-1A2493D0ECD5}.Debug|iPhoneSimulator.Build.0 = Debug|Any CPU
		{9FA38CF6-A085-447E-BD78-1A2493D0ECD5}.Debug|iPhoneSimulator.Deploy.0 = Debug|Any CPU
		{9FA38CF6-A085-447E-BD78-1A2493D0ECD5}.Debug|x86.ActiveCfg = Debug|Any CPU
		{9FA38CF6-A085-447E-BD78-1A2493D0ECD5}.Debug|x86.Build.0 = Debug|Any CPU
		{9FA38CF6-A085-447E-BD78-1A2493D0ECD5}.Debug|x86.Deploy.0 = Debug|Any CPU
		{9FA38CF6-A085-447E-BD78-1A2493D0ECD5}.Release|Any CPU.ActiveCfg = Release|Any CPU
		{9FA38CF6-A085-447E-BD78-1A2493D0ECD5}.Release|Any CPU.Build.0 = Release|Any CPU
		{9FA38CF6-A085-447E-BD78-1A2493D0ECD5}.Release|Any CPU.Deploy.0 = Release|Any CPU
		{9FA38CF6-A085-447E-BD78-1A2493D0ECD5}.Release|ARM.ActiveCfg = Release|Any CPU
		{9FA38CF6-A085-447E-BD78-1A2493D0ECD5}.Release|ARM.Build.0 = Release|Any CPU
		{9FA38CF6-A085-447E-BD78-1A2493D0ECD5}.Release|ARM.Deploy.0 = Release|Any CPU
		{9FA38CF6-A085-447E-BD78-1A2493D0ECD5}.Release|iPhone.ActiveCfg = Release|Any CPU
		{9FA38CF6-A085-447E-BD78-1A2493D0ECD5}.Release|iPhone.Build.0 = Release|Any CPU
		{9FA38CF6-A085-447E-BD78-1A2493D0ECD5}.Release|iPhone.Deploy.0 = Release|Any CPU
		{9FA38CF6-A085-447E-BD78-1A2493D0ECD5}.Release|iPhoneSimulator.ActiveCfg = Release|Any CPU
		{9FA38CF6-A085-447E-BD78-1A2493D0ECD5}.Release|iPhoneSimulator.Build.0 = Release|Any CPU
		{9FA38CF6-A085-447E-BD78-1A2493D0ECD5}.Release|iPhoneSimulator.Deploy.0 = Release|Any CPU
		{9FA38CF6-A085-447E-BD78-1A2493D0ECD5}.Release|x86.ActiveCfg = Release|Any CPU
		{9FA38CF6-A085-447E-BD78-1A2493D0ECD5}.Release|x86.Build.0 = Release|Any CPU
		{9FA38CF6-A085-447E-BD78-1A2493D0ECD5}.Release|x86.Deploy.0 = Release|Any CPU
		{59C256DA-5371-42F8-94EF-902A93C3ECC7}.Ad-Hoc|Any CPU.ActiveCfg = Release|Any CPU
		{59C256DA-5371-42F8-94EF-902A93C3ECC7}.Ad-Hoc|Any CPU.Build.0 = Release|Any CPU
		{59C256DA-5371-42F8-94EF-902A93C3ECC7}.Ad-Hoc|Any CPU.Deploy.0 = Release|Any CPU
		{59C256DA-5371-42F8-94EF-902A93C3ECC7}.Ad-Hoc|ARM.ActiveCfg = Release|ARM
		{59C256DA-5371-42F8-94EF-902A93C3ECC7}.Ad-Hoc|ARM.Build.0 = Release|ARM
		{59C256DA-5371-42F8-94EF-902A93C3ECC7}.Ad-Hoc|ARM.Deploy.0 = Release|ARM
		{59C256DA-5371-42F8-94EF-902A93C3ECC7}.Ad-Hoc|iPhone.ActiveCfg = Release|Any CPU
		{59C256DA-5371-42F8-94EF-902A93C3ECC7}.Ad-Hoc|iPhone.Build.0 = Release|Any CPU
		{59C256DA-5371-42F8-94EF-902A93C3ECC7}.Ad-Hoc|iPhone.Deploy.0 = Release|Any CPU
		{59C256DA-5371-42F8-94EF-902A93C3ECC7}.Ad-Hoc|iPhoneSimulator.ActiveCfg = Release|Any CPU
		{59C256DA-5371-42F8-94EF-902A93C3ECC7}.Ad-Hoc|iPhoneSimulator.Build.0 = Release|Any CPU
		{59C256DA-5371-42F8-94EF-902A93C3ECC7}.Ad-Hoc|iPhoneSimulator.Deploy.0 = Release|Any CPU
		{59C256DA-5371-42F8-94EF-902A93C3ECC7}.Ad-Hoc|x86.ActiveCfg = Release|x86
		{59C256DA-5371-42F8-94EF-902A93C3ECC7}.Ad-Hoc|x86.Build.0 = Release|x86
		{59C256DA-5371-42F8-94EF-902A93C3ECC7}.Ad-Hoc|x86.Deploy.0 = Release|x86
		{59C256DA-5371-42F8-94EF-902A93C3ECC7}.AppStore|Any CPU.ActiveCfg = Release|Any CPU
		{59C256DA-5371-42F8-94EF-902A93C3ECC7}.AppStore|Any CPU.Build.0 = Release|Any CPU
		{59C256DA-5371-42F8-94EF-902A93C3ECC7}.AppStore|Any CPU.Deploy.0 = Release|Any CPU
		{59C256DA-5371-42F8-94EF-902A93C3ECC7}.AppStore|ARM.ActiveCfg = Release|ARM
		{59C256DA-5371-42F8-94EF-902A93C3ECC7}.AppStore|ARM.Build.0 = Release|ARM
		{59C256DA-5371-42F8-94EF-902A93C3ECC7}.AppStore|ARM.Deploy.0 = Release|ARM
		{59C256DA-5371-42F8-94EF-902A93C3ECC7}.AppStore|iPhone.ActiveCfg = Release|Any CPU
		{59C256DA-5371-42F8-94EF-902A93C3ECC7}.AppStore|iPhone.Build.0 = Release|Any CPU
		{59C256DA-5371-42F8-94EF-902A93C3ECC7}.AppStore|iPhone.Deploy.0 = Release|Any CPU
		{59C256DA-5371-42F8-94EF-902A93C3ECC7}.AppStore|iPhoneSimulator.ActiveCfg = Release|Any CPU
		{59C256DA-5371-42F8-94EF-902A93C3ECC7}.AppStore|iPhoneSimulator.Build.0 = Release|Any CPU
		{59C256DA-5371-42F8-94EF-902A93C3ECC7}.AppStore|iPhoneSimulator.Deploy.0 = Release|Any CPU
		{59C256DA-5371-42F8-94EF-902A93C3ECC7}.AppStore|x86.ActiveCfg = Release|x86
		{59C256DA-5371-42F8-94EF-902A93C3ECC7}.AppStore|x86.Build.0 = Release|x86
		{59C256DA-5371-42F8-94EF-902A93C3ECC7}.AppStore|x86.Deploy.0 = Release|x86
		{59C256DA-5371-42F8-94EF-902A93C3ECC7}.Debug|Any CPU.ActiveCfg = Debug|Any CPU
		{59C256DA-5371-42F8-94EF-902A93C3ECC7}.Debug|Any CPU.Build.0 = Debug|Any CPU
		{59C256DA-5371-42F8-94EF-902A93C3ECC7}.Debug|Any CPU.Deploy.0 = Debug|Any CPU
		{59C256DA-5371-42F8-94EF-902A93C3ECC7}.Debug|ARM.ActiveCfg = Debug|ARM
		{59C256DA-5371-42F8-94EF-902A93C3ECC7}.Debug|ARM.Build.0 = Debug|ARM
		{59C256DA-5371-42F8-94EF-902A93C3ECC7}.Debug|ARM.Deploy.0 = Debug|ARM
		{59C256DA-5371-42F8-94EF-902A93C3ECC7}.Debug|iPhone.ActiveCfg = Debug|Any CPU
		{59C256DA-5371-42F8-94EF-902A93C3ECC7}.Debug|iPhone.Build.0 = Debug|Any CPU
		{59C256DA-5371-42F8-94EF-902A93C3ECC7}.Debug|iPhone.Deploy.0 = Debug|Any CPU
		{59C256DA-5371-42F8-94EF-902A93C3ECC7}.Debug|iPhoneSimulator.ActiveCfg = Debug|Any CPU
		{59C256DA-5371-42F8-94EF-902A93C3ECC7}.Debug|iPhoneSimulator.Build.0 = Debug|Any CPU
		{59C256DA-5371-42F8-94EF-902A93C3ECC7}.Debug|iPhoneSimulator.Deploy.0 = Debug|Any CPU
		{59C256DA-5371-42F8-94EF-902A93C3ECC7}.Debug|x86.ActiveCfg = Debug|x86
		{59C256DA-5371-42F8-94EF-902A93C3ECC7}.Debug|x86.Build.0 = Debug|x86
		{59C256DA-5371-42F8-94EF-902A93C3ECC7}.Debug|x86.Deploy.0 = Debug|x86
		{59C256DA-5371-42F8-94EF-902A93C3ECC7}.Release|Any CPU.ActiveCfg = Release|Any CPU
		{59C256DA-5371-42F8-94EF-902A93C3ECC7}.Release|Any CPU.Build.0 = Release|Any CPU
		{59C256DA-5371-42F8-94EF-902A93C3ECC7}.Release|Any CPU.Deploy.0 = Release|Any CPU
		{59C256DA-5371-42F8-94EF-902A93C3ECC7}.Release|ARM.ActiveCfg = Release|ARM
		{59C256DA-5371-42F8-94EF-902A93C3ECC7}.Release|ARM.Build.0 = Release|ARM
		{59C256DA-5371-42F8-94EF-902A93C3ECC7}.Release|ARM.Deploy.0 = Release|ARM
		{59C256DA-5371-42F8-94EF-902A93C3ECC7}.Release|iPhone.ActiveCfg = Release|Any CPU
		{59C256DA-5371-42F8-94EF-902A93C3ECC7}.Release|iPhone.Build.0 = Release|Any CPU
		{59C256DA-5371-42F8-94EF-902A93C3ECC7}.Release|iPhone.Deploy.0 = Release|Any CPU
		{59C256DA-5371-42F8-94EF-902A93C3ECC7}.Release|iPhoneSimulator.ActiveCfg = Release|Any CPU
		{59C256DA-5371-42F8-94EF-902A93C3ECC7}.Release|iPhoneSimulator.Build.0 = Release|Any CPU
		{59C256DA-5371-42F8-94EF-902A93C3ECC7}.Release|iPhoneSimulator.Deploy.0 = Release|Any CPU
		{59C256DA-5371-42F8-94EF-902A93C3ECC7}.Release|x86.ActiveCfg = Release|x86
		{59C256DA-5371-42F8-94EF-902A93C3ECC7}.Release|x86.Build.0 = Release|x86
		{59C256DA-5371-42F8-94EF-902A93C3ECC7}.Release|x86.Deploy.0 = Release|x86
	EndGlobalSection
	GlobalSection(SolutionProperties) = preSolution
		HideSolutionNode = FALSE
	EndGlobalSection
EndGlobal
